// !$*UTF8*$!
{
	archiveVersion = 1;
	classes = {
	};
	objectVersion = 48;
	objects = {

/* Begin PBXBuildFile section */
		AE8DB3941FA085640040D1DA /* AppDelegate.swift in Sources */ = {isa = PBXBuildFile; fileRef = AE8DB3931FA085640040D1DA /* AppDelegate.swift */; };
		AE8DB3961FA085640040D1DA /* ViewController.swift in Sources */ = {isa = PBXBuildFile; fileRef = AE8DB3951FA085640040D1DA /* ViewController.swift */; };
		AE8DB3991FA085640040D1DA /* Main.storyboard in Resources */ = {isa = PBXBuildFile; fileRef = AE8DB3971FA085640040D1DA /* Main.storyboard */; };
		AE8DB39B1FA085640040D1DA /* Assets.xcassets in Resources */ = {isa = PBXBuildFile; fileRef = AE8DB39A1FA085640040D1DA /* Assets.xcassets */; };
		AE8DB39E1FA085640040D1DA /* LaunchScreen.storyboard in Resources */ = {isa = PBXBuildFile; fileRef = AE8DB39C1FA085640040D1DA /* LaunchScreen.storyboard */; };
		AE8DB3A91FA085640040D1DA /* TicTacToeTests.swift in Sources */ = {isa = PBXBuildFile; fileRef = AE8DB3A81FA085640040D1DA /* TicTacToeTests.swift */; };
		AE8DB3B41FA085640040D1DA /* TicTacToeUITests.swift in Sources */ = {isa = PBXBuildFile; fileRef = AE8DB3B31FA085640040D1DA /* TicTacToeUITests.swift */; };
/* End PBXBuildFile section */

/* Begin PBXContainerItemProxy section */
		AE8DB3A51FA085640040D1DA /* PBXContainerItemProxy */ = {
			isa = PBXContainerItemProxy;
			containerPortal = AE8DB3881FA085640040D1DA /* Project object */;
			proxyType = 1;
			remoteGlobalIDString = AE8DB38F1FA085640040D1DA;
			remoteInfo = TicTacToe;
		};
		AE8DB3B01FA085640040D1DA /* PBXContainerItemProxy */ = {
			isa = PBXContainerItemProxy;
			containerPortal = AE8DB3881FA085640040D1DA /* Project object */;
			proxyType = 1;
			remoteGlobalIDString = AE8DB38F1FA085640040D1DA;
			remoteInfo = TicTacToe;
		};
/* End PBXContainerItemProxy section */

/* Begin PBXFileReference section */
		AE8DB3901FA085640040D1DA /* TicTacToe.app */ = {isa = PBXFileReference; explicitFileType = wrapper.application; includeInIndex = 0; path = TicTacToe.app; sourceTree = BUILT_PRODUCTS_DIR; };
		AE8DB3931FA085640040D1DA /* AppDelegate.swift */ = {isa = PBXFileReference; lastKnownFileType = sourcecode.swift; path = AppDelegate.swift; sourceTree = "<group>"; };
		AE8DB3951FA085640040D1DA /* ViewController.swift */ = {isa = PBXFileReference; lastKnownFileType = sourcecode.swift; path = ViewController.swift; sourceTree = "<group>"; };
		AE8DB3981FA085640040D1DA /* Base */ = {isa = PBXFileReference; lastKnownFileType = file.storyboard; name = Base; path = Base.lproj/Main.storyboard; sourceTree = "<group>"; };
		AE8DB39A1FA085640040D1DA /* Assets.xcassets */ = {isa = PBXFileReference; lastKnownFileType = folder.assetcatalog; path = Assets.xcassets; sourceTree = "<group>"; };
		AE8DB39D1FA085640040D1DA /* Base */ = {isa = PBXFileReference; lastKnownFileType = file.storyboard; name = Base; path = Base.lproj/LaunchScreen.storyboard; sourceTree = "<group>"; };
		AE8DB39F1FA085640040D1DA /* Info.plist */ = {isa = PBXFileReference; lastKnownFileType = text.plist.xml; path = Info.plist; sourceTree = "<group>"; };
		AE8DB3A41FA085640040D1DA /* TicTacToeTests.xctest */ = {isa = PBXFileReference; explicitFileType = wrapper.cfbundle; includeInIndex = 0; path = TicTacToeTests.xctest; sourceTree = BUILT_PRODUCTS_DIR; };
		AE8DB3A81FA085640040D1DA /* TicTacToeTests.swift */ = {isa = PBXFileReference; lastKnownFileType = sourcecode.swift; path = TicTacToeTests.swift; sourceTree = "<group>"; };
		AE8DB3AA1FA085640040D1DA /* Info.plist */ = {isa = PBXFileReference; lastKnownFileType = text.plist.xml; path = Info.plist; sourceTree = "<group>"; };
		AE8DB3AF1FA085640040D1DA /* TicTacToeUITests.xctest */ = {isa = PBXFileReference; explicitFileType = wrapper.cfbundle; includeInIndex = 0; path = TicTacToeUITests.xctest; sourceTree = BUILT_PRODUCTS_DIR; };
		AE8DB3B31FA085640040D1DA /* TicTacToeUITests.swift */ = {isa = PBXFileReference; lastKnownFileType = sourcecode.swift; path = TicTacToeUITests.swift; sourceTree = "<group>"; };
		AE8DB3B51FA085640040D1DA /* Info.plist */ = {isa = PBXFileReference; lastKnownFileType = text.plist.xml; path = Info.plist; sourceTree = "<group>"; };
/* End PBXFileReference section */

/* Begin PBXFrameworksBuildPhase section */
		AE8DB38D1FA085640040D1DA /* Frameworks */ = {
			isa = PBXFrameworksBuildPhase;
			buildActionMask = 2147483647;
			files = (
			);
			runOnlyForDeploymentPostprocessing = 0;
		};
		AE8DB3A11FA085640040D1DA /* Frameworks */ = {
			isa = PBXFrameworksBuildPhase;
			buildActionMask = 2147483647;
			files = (
			);
			runOnlyForDeploymentPostprocessing = 0;
		};
		AE8DB3AC1FA085640040D1DA /* Frameworks */ = {
			isa = PBXFrameworksBuildPhase;
			buildActionMask = 2147483647;
			files = (
			);
			runOnlyForDeploymentPostprocessing = 0;
		};
/* End PBXFrameworksBuildPhase section */

/* Begin PBXGroup section */
		AE8DB3871FA085640040D1DA = {
			isa = PBXGroup;
			children = (
				AE8DB3921FA085640040D1DA /* TicTacToe */,
				AE8DB3A71FA085640040D1DA /* TicTacToeTests */,
				AE8DB3B21FA085640040D1DA /* TicTacToeUITests */,
				AE8DB3911FA085640040D1DA /* Products */,
			);
			sourceTree = "<group>";
		};
		AE8DB3911FA085640040D1DA /* Products */ = {
			isa = PBXGroup;
			children = (
				AE8DB3901FA085640040D1DA /* TicTacToe.app */,
				AE8DB3A41FA085640040D1DA /* TicTacToeTests.xctest */,
				AE8DB3AF1FA085640040D1DA /* TicTacToeUITests.xctest */,
			);
			name = Products;
			sourceTree = "<group>";
		};
		AE8DB3921FA085640040D1DA /* TicTacToe */ = {
			isa = PBXGroup;
			children = (
				AE8DB3931FA085640040D1DA /* AppDelegate.swift */,
				AE8DB3951FA085640040D1DA /* ViewController.swift */,
				AE8DB3971FA085640040D1DA /* Main.storyboard */,
				AE8DB39A1FA085640040D1DA /* Assets.xcassets */,
				AE8DB39C1FA085640040D1DA /* LaunchScreen.storyboard */,
				AE8DB39F1FA085640040D1DA /* Info.plist */,
			);
			path = TicTacToe;
			sourceTree = "<group>";
		};
		AE8DB3A71FA085640040D1DA /* TicTacToeTests */ = {
			isa = PBXGroup;
			children = (
				AE8DB3A81FA085640040D1DA /* TicTacToeTests.swift */,
				AE8DB3AA1FA085640040D1DA /* Info.plist */,
			);
			path = TicTacToeTests;
			sourceTree = "<group>";
		};
		AE8DB3B21FA085640040D1DA /* TicTacToeUITests */ = {
			isa = PBXGroup;
			children = (
				AE8DB3B31FA085640040D1DA /* TicTacToeUITests.swift */,
				AE8DB3B51FA085640040D1DA /* Info.plist */,
			);
			path = TicTacToeUITests;
			sourceTree = "<group>";
		};
/* End PBXGroup section */

/* Begin PBXNativeTarget section */
		AE8DB38F1FA085640040D1DA /* TicTacToe */ = {
			isa = PBXNativeTarget;
			buildConfigurationList = AE8DB3B81FA085640040D1DA /* Build configuration list for PBXNativeTarget "TicTacToe" */;
			buildPhases = (
				AE8DB38C1FA085640040D1DA /* Sources */,
				AE8DB38D1FA085640040D1DA /* Frameworks */,
				AE8DB38E1FA085640040D1DA /* Resources */,
			);
			buildRules = (
			);
			dependencies = (
			);
			name = TicTacToe;
			productName = TicTacToe;
			productReference = AE8DB3901FA085640040D1DA /* TicTacToe.app */;
			productType = "com.apple.product-type.application";
		};
		AE8DB3A31FA085640040D1DA /* TicTacToeTests */ = {
			isa = PBXNativeTarget;
			buildConfigurationList = AE8DB3BB1FA085640040D1DA /* Build configuration list for PBXNativeTarget "TicTacToeTests" */;
			buildPhases = (
				AE8DB3A01FA085640040D1DA /* Sources */,
				AE8DB3A11FA085640040D1DA /* Frameworks */,
				AE8DB3A21FA085640040D1DA /* Resources */,
			);
			buildRules = (
			);
			dependencies = (
				AE8DB3A61FA085640040D1DA /* PBXTargetDependency */,
			);
			name = TicTacToeTests;
			productName = TicTacToeTests;
			productReference = AE8DB3A41FA085640040D1DA /* TicTacToeTests.xctest */;
			productType = "com.apple.product-type.bundle.unit-test";
		};
		AE8DB3AE1FA085640040D1DA /* TicTacToeUITests */ = {
			isa = PBXNativeTarget;
			buildConfigurationList = AE8DB3BE1FA085640040D1DA /* Build configuration list for PBXNativeTarget "TicTacToeUITests" */;
			buildPhases = (
				AE8DB3AB1FA085640040D1DA /* Sources */,
				AE8DB3AC1FA085640040D1DA /* Frameworks */,
				AE8DB3AD1FA085640040D1DA /* Resources */,
			);
			buildRules = (
			);
			dependencies = (
				AE8DB3B11FA085640040D1DA /* PBXTargetDependency */,
			);
			name = TicTacToeUITests;
			productName = TicTacToeUITests;
			productReference = AE8DB3AF1FA085640040D1DA /* TicTacToeUITests.xctest */;
			productType = "com.apple.product-type.bundle.ui-testing";
		};
/* End PBXNativeTarget section */

/* Begin PBXProject section */
		AE8DB3881FA085640040D1DA /* Project object */ = {
			isa = PBXProject;
			attributes = {
				LastSwiftUpdateCheck = 0900;
				LastUpgradeCheck = 0900;
				ORGANIZATIONNAME = "Michael Guerfi";
				TargetAttributes = {
					AE8DB38F1FA085640040D1DA = {
						CreatedOnToolsVersion = 9.0.1;
						ProvisioningStyle = Automatic;
					};
					AE8DB3A31FA085640040D1DA = {
						CreatedOnToolsVersion = 9.0.1;
						ProvisioningStyle = Automatic;
						TestTargetID = AE8DB38F1FA085640040D1DA;
					};
					AE8DB3AE1FA085640040D1DA = {
						CreatedOnToolsVersion = 9.0.1;
						ProvisioningStyle = Automatic;
						TestTargetID = AE8DB38F1FA085640040D1DA;
					};
				};
			};
			buildConfigurationList = AE8DB38B1FA085640040D1DA /* Build configuration list for PBXProject "TicTacToe" */;
			compatibilityVersion = "Xcode 8.0";
			developmentRegion = en;
			hasScannedForEncodings = 0;
			knownRegions = (
				en,
				Base,
			);
			mainGroup = AE8DB3871FA085640040D1DA;
			productRefGroup = AE8DB3911FA085640040D1DA /* Products */;
			projectDirPath = "";
			projectRoot = "";
			targets = (
				AE8DB38F1FA085640040D1DA /* TicTacToe */,
				AE8DB3A31FA085640040D1DA /* TicTacToeTests */,
				AE8DB3AE1FA085640040D1DA /* TicTacToeUITests */,
			);
		};
/* End PBXProject section */

/* Begin PBXResourcesBuildPhase section */
		AE8DB38E1FA085640040D1DA /* Resources */ = {
			isa = PBXResourcesBuildPhase;
			buildActionMask = 2147483647;
			files = (
				AE8DB39E1FA085640040D1DA /* LaunchScreen.storyboard in Resources */,
				AE8DB39B1FA085640040D1DA /* Assets.xcassets in Resources */,
				AE8DB3991FA085640040D1DA /* Main.storyboard in Resources */,
			);
			runOnlyForDeploymentPostprocessing = 0;
		};
		AE8DB3A21FA085640040D1DA /* Resources */ = {
			isa = PBXResourcesBuildPhase;
			buildActionMask = 2147483647;
			files = (
			);
			runOnlyForDeploymentPostprocessing = 0;
		};
		AE8DB3AD1FA085640040D1DA /* Resources */ = {
			isa = PBXResourcesBuildPhase;
			buildActionMask = 2147483647;
			files = (
			);
			runOnlyForDeploymentPostprocessing = 0;
		};
/* End PBXResourcesBuildPhase section */

/* Begin PBXSourcesBuildPhase section */
		AE8DB38C1FA085640040D1DA /* Sources */ = {
			isa = PBXSourcesBuildPhase;
			buildActionMask = 2147483647;
			files = (
				AE8DB3961FA085640040D1DA /* ViewController.swift in Sources */,
				AE8DB3941FA085640040D1DA /* AppDelegate.swift in Sources */,
			);
			runOnlyForDeploymentPostprocessing = 0;
		};
		AE8DB3A01FA085640040D1DA /* Sources */ = {
			isa = PBXSourcesBuildPhase;
			buildActionMask = 2147483647;
			files = (
				AE8DB3A91FA085640040D1DA /* TicTacToeTests.swift in Sources */,
			);
			runOnlyForDeploymentPostprocessing = 0;
		};
		AE8DB3AB1FA085640040D1DA /* Sources */ = {
			isa = PBXSourcesBuildPhase;
			buildActionMask = 2147483647;
			files = (
				AE8DB3B41FA085640040D1DA /* TicTacToeUITests.swift in Sources */,
			);
			runOnlyForDeploymentPostprocessing = 0;
		};
/* End PBXSourcesBuildPhase section */

/* Begin PBXTargetDependency section */
		AE8DB3A61FA085640040D1DA /* PBXTargetDependency */ = {
			isa = PBXTargetDependency;
			target = AE8DB38F1FA085640040D1DA /* TicTacToe */;
			targetProxy = AE8DB3A51FA085640040D1DA /* PBXContainerItemProxy */;
		};
		AE8DB3B11FA085640040D1DA /* PBXTargetDependency */ = {
			isa = PBXTargetDependency;
			target = AE8DB38F1FA085640040D1DA /* TicTacToe */;
			targetProxy = AE8DB3B01FA085640040D1DA /* PBXContainerItemProxy */;
		};
/* End PBXTargetDependency section */

/* Begin PBXVariantGroup section */
		AE8DB3971FA085640040D1DA /* Main.storyboard */ = {
			isa = PBXVariantGroup;
			children = (
				AE8DB3981FA085640040D1DA /* Base */,
			);
			name = Main.storyboard;
			sourceTree = "<group>";
		};
		AE8DB39C1FA085640040D1DA /* LaunchScreen.storyboard */ = {
			isa = PBXVariantGroup;
			children = (
				AE8DB39D1FA085640040D1DA /* Base */,
			);
			name = LaunchScreen.storyboard;
			sourceTree = "<group>";
		};
/* End PBXVariantGroup section */

/* Begin XCBuildConfiguration section */
		AE8DB3B61FA085640040D1DA /* Debug */ = {
			isa = XCBuildConfiguration;
			buildSettings = {
				ALWAYS_SEARCH_USER_PATHS = NO;
				CLANG_ANALYZER_NONNULL = YES;
				CLANG_ANALYZER_NUMBER_OBJECT_CONVERSION = YES_AGGRESSIVE;
				CLANG_CXX_LANGUAGE_STANDARD = "gnu++14";
				CLANG_CXX_LIBRARY = "libc++";
				CLANG_ENABLE_MODULES = YES;
				CLANG_ENABLE_OBJC_ARC = YES;
				CLANG_WARN_BLOCK_CAPTURE_AUTORELEASING = YES;
				CLANG_WARN_BOOL_CONVERSION = YES;
				CLANG_WARN_COMMA = YES;
				CLANG_WARN_CONSTANT_CONVERSION = YES;
				CLANG_WARN_DIRECT_OBJC_ISA_USAGE = YES_ERROR;
				CLANG_WARN_DOCUMENTATION_COMMENTS = YES;
				CLANG_WARN_EMPTY_BODY = YES;
				CLANG_WARN_ENUM_CONVERSION = YES;
				CLANG_WARN_INFINITE_RECURSION = YES;
				CLANG_WARN_INT_CONVERSION = YES;
				CLANG_WARN_NON_LITERAL_NULL_CONVERSION = YES;
				CLANG_WARN_OBJC_LITERAL_CONVERSION = YES;
				CLANG_WARN_OBJC_ROOT_CLASS = YES_ERROR;
				CLANG_WARN_RANGE_LOOP_ANALYSIS = YES;
				CLANG_WARN_STRICT_PROTOTYPES = YES;
				CLANG_WARN_SUSPICIOUS_MOVE = YES;
				CLANG_WARN_UNGUARDED_AVAILABILITY = YES_AGGRESSIVE;
				CLANG_WARN_UNREACHABLE_CODE = YES;
				CLANG_WARN__DUPLICATE_METHOD_MATCH = YES;
				CODE_SIGN_IDENTITY = "iPhone Developer";
				COPY_PHASE_STRIP = NO;
				DEBUG_INFORMATION_FORMAT = dwarf;
				ENABLE_STRICT_OBJC_MSGSEND = YES;
				ENABLE_TESTABILITY = YES;
				GCC_C_LANGUAGE_STANDARD = gnu11;
				GCC_DYNAMIC_NO_PIC = NO;
				GCC_NO_COMMON_BLOCKS = YES;
				GCC_OPTIMIZATION_LEVEL = 0;
				GCC_PREPROCESSOR_DEFINITIONS = (
					"DEBUG=1",
					"$(inherited)",
				);
				GCC_WARN_64_TO_32_BIT_CONVERSION = YES;
				GCC_WARN_ABOUT_RETURN_TYPE = YES_ERROR;
				GCC_WARN_UNDECLARED_SELECTOR = YES;
				GCC_WARN_UNINITIALIZED_AUTOS = YES_AGGRESSIVE;
				GCC_WARN_UNUSED_FUNCTION = YES;
				GCC_WARN_UNUSED_VARIABLE = YES;
				IPHONEOS_DEPLOYMENT_TARGET = 11.0;
				MTL_ENABLE_DEBUG_INFO = YES;
				ONLY_ACTIVE_ARCH = YES;
				SDKROOT = iphoneos;
				SWIFT_ACTIVE_COMPILATION_CONDITIONS = DEBUG;
				SWIFT_OPTIMIZATION_LEVEL = "-Onone";
			};
			name = Debug;
		};
		AE8DB3B71FA085640040D1DA /* Release */ = {
			isa = XCBuildConfiguration;
			buildSettings = {
				ALWAYS_SEARCH_USER_PATHS = NO;
				CLANG_ANALYZER_NONNULL = YES;
				CLANG_ANALYZER_NUMBER_OBJECT_CONVERSION = YES_AGGRESSIVE;
				CLANG_CXX_LANGUAGE_STANDARD = "gnu++14";
				CLANG_CXX_LIBRARY = "libc++";
				CLANG_ENABLE_MODULES = YES;
				CLANG_ENABLE_OBJC_ARC = YES;
				CLANG_WARN_BLOCK_CAPTURE_AUTORELEASING = YES;
				CLANG_WARN_BOOL_CONVERSION = YES;
				CLANG_WARN_COMMA = YES;
				CLANG_WARN_CONSTANT_CONVERSION = YES;
				CLANG_WARN_DIRECT_OBJC_ISA_USAGE = YES_ERROR;
				CLANG_WARN_DOCUMENTATION_COMMENTS = YES;
				CLANG_WARN_EMPTY_BODY = YES;
				CLANG_WARN_ENUM_CONVERSION = YES;
				CLANG_WARN_INFINITE_RECURSION = YES;
				CLANG_WARN_INT_CONVERSION = YES;
				CLANG_WARN_NON_LITERAL_NULL_CONVERSION = YES;
				CLANG_WARN_OBJC_LITERAL_CONVERSION = YES;
				CLANG_WARN_OBJC_ROOT_CLASS = YES_ERROR;
				CLANG_WARN_RANGE_LOOP_ANALYSIS = YES;
				CLANG_WARN_STRICT_PROTOTYPES = YES;
				CLANG_WARN_SUSPICIOUS_MOVE = YES;
				CLANG_WARN_UNGUARDED_AVAILABILITY = YES_AGGRESSIVE;
				CLANG_WARN_UNREACHABLE_CODE = YES;
				CLANG_WARN__DUPLICATE_METHOD_MATCH = YES;
				CODE_SIGN_IDENTITY = "iPhone Developer";
				COPY_PHASE_STRIP = NO;
				DEBUG_INFORMATION_FORMAT = "dwarf-with-dsym";
				ENABLE_NS_ASSERTIONS = NO;
				ENABLE_STRICT_OBJC_MSGSEND = YES;
				GCC_C_LANGUAGE_STANDARD = gnu11;
				GCC_NO_COMMON_BLOCKS = YES;
				GCC_WARN_64_TO_32_BIT_CONVERSION = YES;
				GCC_WARN_ABOUT_RETURN_TYPE = YES_ERROR;
				GCC_WARN_UNDECLARED_SELECTOR = YES;
				GCC_WARN_UNINITIALIZED_AUTOS = YES_AGGRESSIVE;
				GCC_WARN_UNUSED_FUNCTION = YES;
				GCC_WARN_UNUSED_VARIABLE = YES;
				IPHONEOS_DEPLOYMENT_TARGET = 11.0;
				MTL_ENABLE_DEBUG_INFO = NO;
				SDKROOT = iphoneos;
				SWIFT_OPTIMIZATION_LEVEL = "-Owholemodule";
				VALIDATE_PRODUCT = YES;
			};
			name = Release;
		};
		AE8DB3B91FA085640040D1DA /* Debug */ = {
			isa = XCBuildConfiguration;
			buildSettings = {
				ASSETCATALOG_COMPILER_APPICON_NAME = AppIcon;
				CODE_SIGN_STYLE = Automatic;
				INFOPLIST_FILE = TicTacToe/Info.plist;
				LD_RUNPATH_SEARCH_PATHS = "$(inherited) @executable_path/Frameworks";
				PRODUCT_BUNDLE_IDENTIFIER = Michael.TicTacToe;
				PRODUCT_NAME = "$(TARGET_NAME)";
				SWIFT_VERSION = 4.0;
				TARGETED_DEVICE_FAMILY = "1,2";
			};
			name = Debug;
		};
		AE8DB3BA1FA085640040D1DA /* Release */ = {
			isa = XCBuildConfiguration;
			buildSettings = {
				ASSETCATALOG_COMPILER_APPICON_NAME = AppIcon;
				CODE_SIGN_STYLE = Automatic;
				INFOPLIST_FILE = TicTacToe/Info.plist;
				LD_RUNPATH_SEARCH_PATHS = "$(inherited) @executable_path/Frameworks";
				PRODUCT_BUNDLE_IDENTIFIER = Michael.TicTacToe;
				PRODUCT_NAME = "$(TARGET_NAME)";
				SWIFT_VERSION = 4.0;
				TARGETED_DEVICE_FAMILY = "1,2";
			};
			name = Release;
		};
		AE8DB3BC1FA085640040D1DA /* Debug */ = {
			isa = XCBuildConfiguration;
			buildSettings = {
				ALWAYS_EMBED_SWIFT_STANDARD_LIBRARIES = YES;
				BUNDLE_LOADER = "$(TEST_HOST)";
				CODE_SIGN_STYLE = Automatic;
				INFOPLIST_FILE = TicTacToeTests/Info.plist;
				LD_RUNPATH_SEARCH_PATHS = "$(inherited) @executable_path/Frameworks @loader_path/Frameworks";
				PRODUCT_BUNDLE_IDENTIFIER = Michael.TicTacToeTests;
				PRODUCT_NAME = "$(TARGET_NAME)";
				SWIFT_VERSION = 4.0;
				TARGETED_DEVICE_FAMILY = "1,2";
				TEST_HOST = "$(BUILT_PRODUCTS_DIR)/TicTacToe.app/TicTacToe";
			};
			name = Debug;
		};
		AE8DB3BD1FA085640040D1DA /* Release */ = {
			isa = XCBuildConfiguration;
			buildSettings = {
				ALWAYS_EMBED_SWIFT_STANDARD_LIBRARIES = YES;
				BUNDLE_LOADER = "$(TEST_HOST)";
				CODE_SIGN_STYLE = Automatic;
				INFOPLIST_FILE = TicTacToeTests/Info.plist;
				LD_RUNPATH_SEARCH_PATHS = "$(inherited) @executable_path/Frameworks @loader_path/Frameworks";
				PRODUCT_BUNDLE_IDENTIFIER = Michael.TicTacToeTests;
				PRODUCT_NAME = "$(TARGET_NAME)";
				SWIFT_VERSION = 4.0;
				TARGETED_DEVICE_FAMILY = "1,2";
				TEST_HOST = "$(BUILT_PRODUCTS_DIR)/TicTacToe.app/TicTacToe";
			};
			name = Release;
		};
		AE8DB3BF1FA085640040D1DA /* Debug */ = {
			isa = XCBuildConfiguration;
			buildSettings = {
				ALWAYS_EMBED_SWIFT_STANDARD_LIBRARIES = YES;
				CODE_SIGN_STYLE = Automatic;
				INFOPLIST_FILE = TicTacToeUITests/Info.plist;
				LD_RUNPATH_SEARCH_PATHS = "$(inherited) @executable_path/Frameworks @loader_path/Frameworks";
				PRODUCT_BUNDLE_IDENTIFIER = Michael.TicTacToeUITests;
				PRODUCT_NAME = "$(TARGET_NAME)";
				SWIFT_VERSION = 4.0;
				TARGETED_DEVICE_FAMILY = "1,2";
				TEST_TARGET_NAME = TicTacToe;
			};
			name = Debug;
		};
		AE8DB3C01FA085640040D1DA /* Release */ = {
			isa = XCBuildConfiguration;
			buildSettings = {
				ALWAYS_EMBED_SWIFT_STANDARD_LIBRARIES = YES;
				CODE_SIGN_STYLE = Automatic;
				INFOPLIST_FILE = TicTacToeUITests/Info.plist;
				LD_RUNPATH_SEARCH_PATHS = "$(inherited) @executable_path/Frameworks @loader_path/Frameworks";
				PRODUCT_BUNDLE_IDENTIFIER = Michael.TicTacToeUITests;
				PRODUCT_NAME = "$(TARGET_NAME)";
				SWIFT_VERSION = 4.0;
				TARGETED_DEVICE_FAMILY = "1,2";
				TEST_TARGET_NAME = TicTacToe;
			};
			name = Release;
		};
/* End XCBuildConfiguration section */

/* Begin XCConfigurationList section */
		AE8DB38B1FA085640040D1DA /* Build configuration list for PBXProject "TicTacToe" */ = {
			isa = XCConfigurationList;
			buildConfigurations = (
				AE8DB3B61FA085640040D1DA /* Debug */,
				AE8DB3B71FA085640040D1DA /* Release */,
			);
			defaultConfigurationIsVisible = 0;
			defaultConfigurationName = Release;
		};
		AE8DB3B81FA085640040D1DA /* Build configuration list for PBXNativeTarget "TicTacToe" */ = {
			isa = XCConfigurationList;
			buildConfigurations = (
				AE8DB3B91FA085640040D1DA /* Debug */,
				AE8DB3BA1FA085640040D1DA /* Release */,
			);
			defaultConfigurationIsVisible = 0;
			defaultConfigurationName = Release;
		};
		AE8DB3BB1FA085640040D1DA /* Build configuration list for PBXNativeTarget "TicTacToeTests" */ = {
			isa = XCConfigurationList;
			buildConfigurations = (
				AE8DB3BC1FA085640040D1DA /* Debug */,
				AE8DB3BD1FA085640040D1DA /* Release */,
			);
			defaultConfigurationIsVisible = 0;
			defaultConfigurationName = Release;
		};
		AE8DB3BE1FA085640040D1DA /* Build configuration list for PBXNativeTarget "TicTacToeUITests" */ = {
			isa = XCConfigurationList;
			buildConfigurations = (
				AE8DB3BF1FA085640040D1DA /* Debug */,
				AE8DB3C01FA085640040D1DA /* Release */,
			);
			defaultConfigurationIsVisible = 0;
			defaultConfigurationName = Release;
		};
/* End XCConfigurationList section */
	};
	rootObject = AE8DB3881FA085640040D1DA /* Project object */;
}
